// !$*UTF8*$!
{
	archiveVersion = 1;
	classes = {
	};
	objectVersion = 50;
	objects = {

/* Begin PBXBuildFile section */
		935436E220BDBAF100B6B1CC /* Categoria.swift in Sources */ = {isa = PBXBuildFile; fileRef = 935436E120BDBAF100B6B1CC /* Categoria.swift */; };
		935436E420BDBC7000B6B1CC /* Objetos.json in Resources */ = {isa = PBXBuildFile; fileRef = 935436E320BDBC7000B6B1CC /* Objetos.json */; };
		935436E620BDBED900B6B1CC /* Alimentos.json in Resources */ = {isa = PBXBuildFile; fileRef = 935436E520BDBED900B6B1CC /* Alimentos.json */; };
		93A8F92420BDC103000EA9A0 /* Extensions.swift in Sources */ = {isa = PBXBuildFile; fileRef = 93A8F92320BDC103000EA9A0 /* Extensions.swift */; };
		93F0717320BC793E00C1EE86 /* AppDelegate.swift in Sources */ = {isa = PBXBuildFile; fileRef = 93F0717220BC793E00C1EE86 /* AppDelegate.swift */; };
		93F0717520BC793E00C1EE86 /* ViewController.swift in Sources */ = {isa = PBXBuildFile; fileRef = 93F0717420BC793E00C1EE86 /* ViewController.swift */; };
		93F0717820BC793E00C1EE86 /* Main.storyboard in Resources */ = {isa = PBXBuildFile; fileRef = 93F0717620BC793E00C1EE86 /* Main.storyboard */; };
		93F0717A20BC794000C1EE86 /* Assets.xcassets in Resources */ = {isa = PBXBuildFile; fileRef = 93F0717920BC794000C1EE86 /* Assets.xcassets */; };
		93F0717D20BC794000C1EE86 /* LaunchScreen.storyboard in Resources */ = {isa = PBXBuildFile; fileRef = 93F0717B20BC794000C1EE86 /* LaunchScreen.storyboard */; };
		93F0718520BCF17E00C1EE86 /* SettingsViewController.swift in Sources */ = {isa = PBXBuildFile; fileRef = 93F0718420BCF17E00C1EE86 /* SettingsViewController.swift */; };
/* End PBXBuildFile section */

/* Begin PBXFileReference section */
		935436E120BDBAF100B6B1CC /* Categoria.swift */ = {isa = PBXFileReference; lastKnownFileType = sourcecode.swift; path = Categoria.swift; sourceTree = "<group>"; };
		935436E320BDBC7000B6B1CC /* Objetos.json */ = {isa = PBXFileReference; lastKnownFileType = text.json; path = Objetos.json; sourceTree = "<group>"; };
		935436E520BDBED900B6B1CC /* Alimentos.json */ = {isa = PBXFileReference; lastKnownFileType = text.json; path = Alimentos.json; sourceTree = "<group>"; };
		93A8F92320BDC103000EA9A0 /* Extensions.swift */ = {isa = PBXFileReference; lastKnownFileType = sourcecode.swift; path = Extensions.swift; sourceTree = "<group>"; };
		93F0716F20BC793E00C1EE86 /* DrawingApp.app */ = {isa = PBXFileReference; explicitFileType = wrapper.application; includeInIndex = 0; path = DrawingApp.app; sourceTree = BUILT_PRODUCTS_DIR; };
		93F0717220BC793E00C1EE86 /* AppDelegate.swift */ = {isa = PBXFileReference; lastKnownFileType = sourcecode.swift; path = AppDelegate.swift; sourceTree = "<group>"; };
		93F0717420BC793E00C1EE86 /* ViewController.swift */ = {isa = PBXFileReference; lastKnownFileType = sourcecode.swift; path = ViewController.swift; sourceTree = "<group>"; };
		93F0717720BC793E00C1EE86 /* Base */ = {isa = PBXFileReference; lastKnownFileType = file.storyboard; name = Base; path = Base.lproj/Main.storyboard; sourceTree = "<group>"; };
		93F0717920BC794000C1EE86 /* Assets.xcassets */ = {isa = PBXFileReference; lastKnownFileType = folder.assetcatalog; path = Assets.xcassets; sourceTree = "<group>"; };
		93F0717C20BC794000C1EE86 /* Base */ = {isa = PBXFileReference; lastKnownFileType = file.storyboard; name = Base; path = Base.lproj/LaunchScreen.storyboard; sourceTree = "<group>"; };
		93F0717E20BC794000C1EE86 /* Info.plist */ = {isa = PBXFileReference; lastKnownFileType = text.plist.xml; path = Info.plist; sourceTree = "<group>"; };
		93F0718420BCF17E00C1EE86 /* SettingsViewController.swift */ = {isa = PBXFileReference; lastKnownFileType = sourcecode.swift; path = SettingsViewController.swift; sourceTree = "<group>"; };
/* End PBXFileReference section */

/* Begin PBXFrameworksBuildPhase section */
		93F0716C20BC793E00C1EE86 /* Frameworks */ = {
			isa = PBXFrameworksBuildPhase;
			buildActionMask = 2147483647;
			files = (
			);
			runOnlyForDeploymentPostprocessing = 0;
		};
/* End PBXFrameworksBuildPhase section */

/* Begin PBXGroup section */
		93F0716620BC793E00C1EE86 = {
			isa = PBXGroup;
			children = (
				93F0717120BC793E00C1EE86 /* DrawingApp */,
				93F0717020BC793E00C1EE86 /* Products */,
			);
			sourceTree = "<group>";
		};
		93F0717020BC793E00C1EE86 /* Products */ = {
			isa = PBXGroup;
			children = (
				93F0716F20BC793E00C1EE86 /* DrawingApp.app */,
			);
			name = Products;
			sourceTree = "<group>";
		};
		93F0717120BC793E00C1EE86 /* DrawingApp */ = {
			isa = PBXGroup;
			children = (
				93F0717220BC793E00C1EE86 /* AppDelegate.swift */,
				93F0717420BC793E00C1EE86 /* ViewController.swift */,
				93F0717620BC793E00C1EE86 /* Main.storyboard */,
				93F0717920BC794000C1EE86 /* Assets.xcassets */,
				93F0717B20BC794000C1EE86 /* LaunchScreen.storyboard */,
				93F0717E20BC794000C1EE86 /* Info.plist */,
				93F0718420BCF17E00C1EE86 /* SettingsViewController.swift */,
				935436E120BDBAF100B6B1CC /* Categoria.swift */,
				935436E320BDBC7000B6B1CC /* Objetos.json */,
				935436E520BDBED900B6B1CC /* Alimentos.json */,
				93A8F92320BDC103000EA9A0 /* Extensions.swift */,
			);
			path = DrawingApp;
			sourceTree = "<group>";
		};
/* End PBXGroup section */

/* Begin PBXNativeTarget section */
		93F0716E20BC793E00C1EE86 /* DrawingApp */ = {
			isa = PBXNativeTarget;
			buildConfigurationList = 93F0718120BC794000C1EE86 /* Build configuration list for PBXNativeTarget "DrawingApp" */;
			buildPhases = (
				93F0716B20BC793E00C1EE86 /* Sources */,
				93F0716C20BC793E00C1EE86 /* Frameworks */,
				93F0716D20BC793E00C1EE86 /* Resources */,
			);
			buildRules = (
			);
			dependencies = (
			);
			name = DrawingApp;
			productName = DrawingApp;
			productReference = 93F0716F20BC793E00C1EE86 /* DrawingApp.app */;
			productType = "com.apple.product-type.application";
		};
/* End PBXNativeTarget section */

/* Begin PBXProject section */
		93F0716720BC793E00C1EE86 /* Project object */ = {
			isa = PBXProject;
			attributes = {
				LastSwiftUpdateCheck = 0930;
				LastUpgradeCheck = 0930;
				ORGANIZATIONNAME = "Gustavo Rodrigues";
				TargetAttributes = {
					93F0716E20BC793E00C1EE86 = {
						CreatedOnToolsVersion = 9.3.1;
					};
				};
			};
			buildConfigurationList = 93F0716A20BC793E00C1EE86 /* Build configuration list for PBXProject "DrawingApp" */;
			compatibilityVersion = "Xcode 9.3";
			developmentRegion = en;
			hasScannedForEncodings = 0;
			knownRegions = (
				en,
				Base,
			);
			mainGroup = 93F0716620BC793E00C1EE86;
			productRefGroup = 93F0717020BC793E00C1EE86 /* Products */;
			projectDirPath = "";
			projectRoot = "";
			targets = (
				93F0716E20BC793E00C1EE86 /* DrawingApp */,
			);
		};
/* End PBXProject section */

/* Begin PBXResourcesBuildPhase section */
		93F0716D20BC793E00C1EE86 /* Resources */ = {
			isa = PBXResourcesBuildPhase;
			buildActionMask = 2147483647;
			files = (
				93F0717D20BC794000C1EE86 /* LaunchScreen.storyboard in Resources */,
				93F0717A20BC794000C1EE86 /* Assets.xcassets in Resources */,
				93F0717820BC793E00C1EE86 /* Main.storyboard in Resources */,
				935436E420BDBC7000B6B1CC /* Objetos.json in Resources */,
				935436E620BDBED900B6B1CC /* Alimentos.json in Resources */,
			);
			runOnlyForDeploymentPostprocessing = 0;
		};
/* End PBXResourcesBuildPhase section */

/* Begin PBXSourcesBuildPhase section */
		93F0716B20BC793E00C1EE86 /* Sources */ = {
			isa = PBXSourcesBuildPhase;
			buildActionMask = 2147483647;
			files = (
				93A8F92420BDC103000EA9A0 /* Extensions.swift in Sources */,
				93F0717520BC793E00C1EE86 /* ViewController.swift in Sources */,
				935436E220BDBAF100B6B1CC /* Categoria.swift in Sources */,
				93F0717320BC793E00C1EE86 /* AppDelegate.swift in Sources */,
				93F0718520BCF17E00C1EE86 /* SettingsViewController.swift in Sources */,
			);
			runOnlyForDeploymentPostprocessing = 0;
		};
/* End PBXSourcesBuildPhase section */

/* Begin PBXVariantGroup section */
		93F0717620BC793E00C1EE86 /* Main.storyboard */ = {
			isa = PBXVariantGroup;
			children = (
				93F0717720BC793E00C1EE86 /* Base */,
			);
			name = Main.storyboard;
			sourceTree = "<group>";
		};
		93F0717B20BC794000C1EE86 /* LaunchScreen.storyboard */ = {
			isa = PBXVariantGroup;
			children = (
				93F0717C20BC794000C1EE86 /* Base */,
			);
			name = LaunchScreen.storyboard;
			sourceTree = "<group>";
		};
/* End PBXVariantGroup section */

/* Begin XCBuildConfiguration section */
		93F0717F20BC794000C1EE86 /* Debug */ = {
			isa = XCBuildConfiguration;
			buildSettings = {
				ALWAYS_SEARCH_USER_PATHS = NO;
				CLANG_ANALYZER_NONNULL = YES;
				CLANG_ANALYZER_NUMBER_OBJECT_CONVERSION = YES_AGGRESSIVE;
				CLANG_CXX_LANGUAGE_STANDARD = "gnu++14";
				CLANG_CXX_LIBRARY = "libc++";
				CLANG_ENABLE_MODULES = YES;
				CLANG_ENABLE_OBJC_ARC = YES;
				CLANG_ENABLE_OBJC_WEAK = YES;
				CLANG_WARN_BLOCK_CAPTURE_AUTORELEASING = YES;
				CLANG_WARN_BOOL_CONVERSION = YES;
				CLANG_WARN_COMMA = YES;
				CLANG_WARN_CONSTANT_CONVERSION = YES;
				CLANG_WARN_DEPRECATED_OBJC_IMPLEMENTATIONS = YES;
				CLANG_WARN_DIRECT_OBJC_ISA_USAGE = YES_ERROR;
				CLANG_WARN_DOCUMENTATION_COMMENTS = YES;
				CLANG_WARN_EMPTY_BODY = YES;
				CLANG_WARN_ENUM_CONVERSION = YES;
				CLANG_WARN_INFINITE_RECURSION = YES;
				CLANG_WARN_INT_CONVERSION = YES;
				CLANG_WARN_NON_LITERAL_NULL_CONVERSION = YES;
				CLANG_WARN_OBJC_IMPLICIT_RETAIN_SELF = YES;
				CLANG_WARN_OBJC_LITERAL_CONVERSION = YES;
				CLANG_WARN_OBJC_ROOT_CLASS = YES_ERROR;
				CLANG_WARN_RANGE_LOOP_ANALYSIS = YES;
				CLANG_WARN_STRICT_PROTOTYPES = YES;
				CLANG_WARN_SUSPICIOUS_MOVE = YES;
				CLANG_WARN_UNGUARDED_AVAILABILITY = YES_AGGRESSIVE;
				CLANG_WARN_UNREACHABLE_CODE = YES;
				CLANG_WARN__DUPLICATE_METHOD_MATCH = YES;
				CODE_SIGN_IDENTITY = "iPhone Developer";
				COPY_PHASE_STRIP = NO;
				DEBUG_INFORMATION_FORMAT = dwarf;
				ENABLE_STRICT_OBJC_MSGSEND = YES;
				ENABLE_TESTABILITY = YES;
				GCC_C_LANGUAGE_STANDARD = gnu11;
				GCC_DYNAMIC_NO_PIC = NO;
				GCC_NO_COMMON_BLOCKS = YES;
				GCC_OPTIMIZATION_LEVEL = 0;
				GCC_PREPROCESSOR_DEFINITIONS = (
					"DEBUG=1",
					"$(inherited)",
				);
				GCC_WARN_64_TO_32_BIT_CONVERSION = YES;
				GCC_WARN_ABOUT_RETURN_TYPE = YES_ERROR;
				GCC_WARN_UNDECLARED_SELECTOR = YES;
				GCC_WARN_UNINITIALIZED_AUTOS = YES_AGGRESSIVE;
				GCC_WARN_UNUSED_FUNCTION = YES;
				GCC_WARN_UNUSED_VARIABLE = YES;
				IPHONEOS_DEPLOYMENT_TARGET = 11.3;
				MTL_ENABLE_DEBUG_INFO = YES;
				ONLY_ACTIVE_ARCH = YES;
				SDKROOT = iphoneos;
				SWIFT_ACTIVE_COMPILATION_CONDITIONS = DEBUG;
				SWIFT_OPTIMIZATION_LEVEL = "-Onone";
			};
			name = Debug;
		};
		93F0718020BC794000C1EE86 /* Release */ = {
			isa = XCBuildConfiguration;
			buildSettings = {
				ALWAYS_SEARCH_USER_PATHS = NO;
				CLANG_ANALYZER_NONNULL = YES;
				CLANG_ANALYZER_NUMBER_OBJECT_CONVERSION = YES_AGGRESSIVE;
				CLANG_CXX_LANGUAGE_STANDARD = "gnu++14";
				CLANG_CXX_LIBRARY = "libc++";
				CLANG_ENABLE_MODULES = YES;
				CLANG_ENABLE_OBJC_ARC = YES;
				CLANG_ENABLE_OBJC_WEAK = YES;
				CLANG_WARN_BLOCK_CAPTURE_AUTORELEASING = YES;
				CLANG_WARN_BOOL_CONVERSION = YES;
				CLANG_WARN_COMMA = YES;
				CLANG_WARN_CONSTANT_CONVERSION = YES;
				CLANG_WARN_DEPRECATED_OBJC_IMPLEMENTATIONS = YES;
				CLANG_WARN_DIRECT_OBJC_ISA_USAGE = YES_ERROR;
				CLANG_WARN_DOCUMENTATION_COMMENTS = YES;
				CLANG_WARN_EMPTY_BODY = YES;
				CLANG_WARN_ENUM_CONVERSION = YES;
				CLANG_WARN_INFINITE_RECURSION = YES;
				CLANG_WARN_INT_CONVERSION = YES;
				CLANG_WARN_NON_LITERAL_NULL_CONVERSION = YES;
				CLANG_WARN_OBJC_IMPLICIT_RETAIN_SELF = YES;
				CLANG_WARN_OBJC_LITERAL_CONVERSION = YES;
				CLANG_WARN_OBJC_ROOT_CLASS = YES_ERROR;
				CLANG_WARN_RANGE_LOOP_ANALYSIS = YES;
				CLANG_WARN_STRICT_PROTOTYPES = YES;
				CLANG_WARN_SUSPICIOUS_MOVE = YES;
				CLANG_WARN_UNGUARDED_AVAILABILITY = YES_AGGRESSIVE;
				CLANG_WARN_UNREACHABLE_CODE = YES;
				CLANG_WARN__DUPLICATE_METHOD_MATCH = YES;
				CODE_SIGN_IDENTITY = "iPhone Developer";
				COPY_PHASE_STRIP = NO;
				DEBUG_INFORMATION_FORMAT = "dwarf-with-dsym";
				ENABLE_NS_ASSERTIONS = NO;
				ENABLE_STRICT_OBJC_MSGSEND = YES;
				GCC_C_LANGUAGE_STANDARD = gnu11;
				GCC_NO_COMMON_BLOCKS = YES;
				GCC_WARN_64_TO_32_BIT_CONVERSION = YES;
				GCC_WARN_ABOUT_RETURN_TYPE = YES_ERROR;
				GCC_WARN_UNDECLARED_SELECTOR = YES;
				GCC_WARN_UNINITIALIZED_AUTOS = YES_AGGRESSIVE;
				GCC_WARN_UNUSED_FUNCTION = YES;
				GCC_WARN_UNUSED_VARIABLE = YES;
				IPHONEOS_DEPLOYMENT_TARGET = 11.3;
				MTL_ENABLE_DEBUG_INFO = NO;
				SDKROOT = iphoneos;
				SWIFT_COMPILATION_MODE = wholemodule;
				SWIFT_OPTIMIZATION_LEVEL = "-O";
				VALIDATE_PRODUCT = YES;
			};
			name = Release;
		};
		93F0718220BC794000C1EE86 /* Debug */ = {
			isa = XCBuildConfiguration;
			buildSettings = {
				ASSETCATALOG_COMPILER_APPICON_NAME = AppIcon;
				CODE_SIGN_STYLE = Automatic;
				DEVELOPMENT_TEAM = F594ND8XLE;
				INFOPLIST_FILE = DrawingApp/Info.plist;
				LD_RUNPATH_SEARCH_PATHS = (
					"$(inherited)",
					"@executable_path/Frameworks",
				);
				PRODUCT_BUNDLE_IDENTIFIER = br.com.mackmobile.gustavo.DrawingApp;
				PRODUCT_NAME = "$(TARGET_NAME)";
				SWIFT_VERSION = 4.0;
				TARGETED_DEVICE_FAMILY = "1,2";
			};
			name = Debug;
		};
		93F0718320BC794000C1EE86 /* Release */ = {
			isa = XCBuildConfiguration;
			buildSettings = {
				ASSETCATALOG_COMPILER_APPICON_NAME = AppIcon;
				CODE_SIGN_STYLE = Automatic;
				DEVELOPMENT_TEAM = F594ND8XLE;
				INFOPLIST_FILE = DrawingApp/Info.plist;
				LD_RUNPATH_SEARCH_PATHS = (
					"$(inherited)",
					"@executable_path/Frameworks",
				);
				PRODUCT_BUNDLE_IDENTIFIER = br.com.mackmobile.gustavo.DrawingApp;
				PRODUCT_NAME = "$(TARGET_NAME)";
				SWIFT_VERSION = 4.0;
				TARGETED_DEVICE_FAMILY = "1,2";
			};
			name = Release;
		};
/* End XCBuildConfiguration section */

/* Begin XCConfigurationList section */
		93F0716A20BC793E00C1EE86 /* Build configuration list for PBXProject "DrawingApp" */ = {
			isa = XCConfigurationList;
			buildConfigurations = (
				93F0717F20BC794000C1EE86 /* Debug */,
				93F0718020BC794000C1EE86 /* Release */,
			);
			defaultConfigurationIsVisible = 0;
			defaultConfigurationName = Release;
		};
		93F0718120BC794000C1EE86 /* Build configuration list for PBXNativeTarget "DrawingApp" */ = {
			isa = XCConfigurationList;
			buildConfigurations = (
				93F0718220BC794000C1EE86 /* Debug */,
				93F0718320BC794000C1EE86 /* Release */,
			);
			defaultConfigurationIsVisible = 0;
			defaultConfigurationName = Release;
		};
/* End XCConfigurationList section */
	};
	rootObject = 93F0716720BC793E00C1EE86 /* Project object */;
}
